// !$*UTF8*$!
{
	archiveVersion = 1;
	classes = {
	};
	objectVersion = 50;
	objects = {

/* Begin PBXBuildFile section */
		4D491B6C226317E4007D1D6B /* HomeDatasourceController.swift in Sources */ = {isa = PBXBuildFile; fileRef = 4D491B6B226317E4007D1D6B /* HomeDatasourceController.swift */; };
		4D491B712263316E007D1D6B /* UserHeaderFooter.swift in Sources */ = {isa = PBXBuildFile; fileRef = 4D491B702263316E007D1D6B /* UserHeaderFooter.swift */; };
		4D491B73226331DF007D1D6B /* HomeDatasource.swift in Sources */ = {isa = PBXBuildFile; fileRef = 4D491B72226331DF007D1D6B /* HomeDatasource.swift */; };
		4D93B0CD225D4B8D000987C0 /* AppDelegate.swift in Sources */ = {isa = PBXBuildFile; fileRef = 4D93B0CC225D4B8D000987C0 /* AppDelegate.swift */; };
		4D93B0D7225D4B8E000987C0 /* LaunchScreen.storyboard in Resources */ = {isa = PBXBuildFile; fileRef = 4D93B0D5225D4B8E000987C0 /* LaunchScreen.storyboard */; };
		4D93B0DF225D4C6C000987C0 /* HomeController.swift in Sources */ = {isa = PBXBuildFile; fileRef = 4D93B0DE225D4C6C000987C0 /* HomeController.swift */; };
		4D960C462263881100F90669 /* Assets.xcassets in Resources */ = {isa = PBXBuildFile; fileRef = 4D960C452263881100F90669 /* Assets.xcassets */; };
		4D960C482263896D00F90669 /* User.swift in Sources */ = {isa = PBXBuildFile; fileRef = 4D960C472263896D00F90669 /* User.swift */; };
		4D960C4C226409A400F90669 /* UserCell.swift in Sources */ = {isa = PBXBuildFile; fileRef = 4D960C4B226409A400F90669 /* UserCell.swift */; };
		4DAABFE522656E8F0099F1DE /* TweetCell.swift in Sources */ = {isa = PBXBuildFile; fileRef = 4DAABFE422656E8F0099F1DE /* TweetCell.swift */; };
		4DAABFE7226588720099F1DE /* Tweet.swift in Sources */ = {isa = PBXBuildFile; fileRef = 4DAABFE6226588720099F1DE /* Tweet.swift */; };
		4DEB3DE022653D52006A45B2 /* HomeDatasourceController+NavBarItems.swift in Sources */ = {isa = PBXBuildFile; fileRef = 4DEB3DDF22653D52006A45B2 /* HomeDatasourceController+NavBarItems.swift */; };
		D1EC8520917DAAD1B7E99A6A /* Pods_twitter.framework in Frameworks */ = {isa = PBXBuildFile; fileRef = 99157CFDF69505809EC4ACE0 /* Pods_twitter.framework */; };
/* End PBXBuildFile section */

/* Begin PBXFileReference section */
		1040F858F7AA8A3F08E013FE /* Pods-twitter.debug.xcconfig */ = {isa = PBXFileReference; includeInIndex = 1; lastKnownFileType = text.xcconfig; name = "Pods-twitter.debug.xcconfig"; path = "Pods/Target Support Files/Pods-twitter/Pods-twitter.debug.xcconfig"; sourceTree = "<group>"; };
		4D491B6B226317E4007D1D6B /* HomeDatasourceController.swift */ = {isa = PBXFileReference; lastKnownFileType = sourcecode.swift; path = HomeDatasourceController.swift; sourceTree = "<group>"; };
		4D491B702263316E007D1D6B /* UserHeaderFooter.swift */ = {isa = PBXFileReference; lastKnownFileType = sourcecode.swift; path = UserHeaderFooter.swift; sourceTree = "<group>"; };
		4D491B72226331DF007D1D6B /* HomeDatasource.swift */ = {isa = PBXFileReference; lastKnownFileType = sourcecode.swift; path = HomeDatasource.swift; sourceTree = "<group>"; };
		4D93B0C9225D4B8D000987C0 /* twitter.app */ = {isa = PBXFileReference; explicitFileType = wrapper.application; includeInIndex = 0; path = twitter.app; sourceTree = BUILT_PRODUCTS_DIR; };
		4D93B0CC225D4B8D000987C0 /* AppDelegate.swift */ = {isa = PBXFileReference; lastKnownFileType = sourcecode.swift; path = AppDelegate.swift; sourceTree = "<group>"; };
		4D93B0D6225D4B8E000987C0 /* Base */ = {isa = PBXFileReference; lastKnownFileType = file.storyboard; name = Base; path = Base.lproj/LaunchScreen.storyboard; sourceTree = "<group>"; };
		4D93B0D8225D4B8E000987C0 /* Info.plist */ = {isa = PBXFileReference; lastKnownFileType = text.plist.xml; path = Info.plist; sourceTree = "<group>"; };
		4D93B0DE225D4C6C000987C0 /* HomeController.swift */ = {isa = PBXFileReference; lastKnownFileType = sourcecode.swift; path = HomeController.swift; sourceTree = "<group>"; };
		4D960C452263881100F90669 /* Assets.xcassets */ = {isa = PBXFileReference; lastKnownFileType = folder.assetcatalog; path = Assets.xcassets; sourceTree = "<group>"; };
		4D960C472263896D00F90669 /* User.swift */ = {isa = PBXFileReference; lastKnownFileType = sourcecode.swift; path = User.swift; sourceTree = "<group>"; };
		4D960C4B226409A400F90669 /* UserCell.swift */ = {isa = PBXFileReference; lastKnownFileType = sourcecode.swift; path = UserCell.swift; sourceTree = "<group>"; };
		4DAABFE422656E8F0099F1DE /* TweetCell.swift */ = {isa = PBXFileReference; lastKnownFileType = sourcecode.swift; path = TweetCell.swift; sourceTree = "<group>"; };
		4DAABFE6226588720099F1DE /* Tweet.swift */ = {isa = PBXFileReference; lastKnownFileType = sourcecode.swift; path = Tweet.swift; sourceTree = "<group>"; };
		4DEB3DDF22653D52006A45B2 /* HomeDatasourceController+NavBarItems.swift */ = {isa = PBXFileReference; lastKnownFileType = sourcecode.swift; path = "HomeDatasourceController+NavBarItems.swift"; sourceTree = "<group>"; };
		99157CFDF69505809EC4ACE0 /* Pods_twitter.framework */ = {isa = PBXFileReference; explicitFileType = wrapper.framework; includeInIndex = 0; path = Pods_twitter.framework; sourceTree = BUILT_PRODUCTS_DIR; };
		9E55A605B0ADDC261C4278CA /* Pods-twitter.release.xcconfig */ = {isa = PBXFileReference; includeInIndex = 1; lastKnownFileType = text.xcconfig; name = "Pods-twitter.release.xcconfig"; path = "Pods/Target Support Files/Pods-twitter/Pods-twitter.release.xcconfig"; sourceTree = "<group>"; };
/* End PBXFileReference section */

/* Begin PBXFrameworksBuildPhase section */
		4D93B0C6225D4B8D000987C0 /* Frameworks */ = {
			isa = PBXFrameworksBuildPhase;
			buildActionMask = 2147483647;
			files = (
				D1EC8520917DAAD1B7E99A6A /* Pods_twitter.framework in Frameworks */,
			);
			runOnlyForDeploymentPostprocessing = 0;
		};
/* End PBXFrameworksBuildPhase section */

/* Begin PBXGroup section */
		4D491B6D22633150007D1D6B /* Controller */ = {
			isa = PBXGroup;
			children = (
				4D491B6B226317E4007D1D6B /* HomeDatasourceController.swift */,
				4DEB3DDF22653D52006A45B2 /* HomeDatasourceController+NavBarItems.swift */,
			);
			path = Controller;
			sourceTree = "<group>";
		};
		4D491B6E22633152007D1D6B /* Model */ = {
			isa = PBXGroup;
			children = (
				4D491B72226331DF007D1D6B /* HomeDatasource.swift */,
				4D960C472263896D00F90669 /* User.swift */,
				4DAABFE6226588720099F1DE /* Tweet.swift */,
			);
			path = Model;
			sourceTree = "<group>";
		};
		4D491B6F22633154007D1D6B /* View */ = {
			isa = PBXGroup;
			children = (
				4D491B702263316E007D1D6B /* UserHeaderFooter.swift */,
				4D960C4B226409A400F90669 /* UserCell.swift */,
				4DAABFE422656E8F0099F1DE /* TweetCell.swift */,
			);
			path = View;
			sourceTree = "<group>";
		};
		4D93B0C0225D4B8D000987C0 = {
			isa = PBXGroup;
			children = (
				4D93B0CB225D4B8D000987C0 /* twitter */,
				4D93B0CA225D4B8D000987C0 /* Products */,
				EE5ABDA00B8378CBF80B4AB9 /* Pods */,
				ACD7261992D15D2FAD7310AF /* Frameworks */,
			);
			sourceTree = "<group>";
		};
		4D93B0CA225D4B8D000987C0 /* Products */ = {
			isa = PBXGroup;
			children = (
				4D93B0C9225D4B8D000987C0 /* twitter.app */,
			);
			name = Products;
			sourceTree = "<group>";
		};
		4D93B0CB225D4B8D000987C0 /* twitter */ = {
			isa = PBXGroup;
			children = (
				4D491B6F22633154007D1D6B /* View */,
				4D491B6E22633152007D1D6B /* Model */,
				4D491B6D22633150007D1D6B /* Controller */,
				4DEB3DDE22649844006A45B2 /* Supporting Files */,
				4D93B0DE225D4C6C000987C0 /* HomeController.swift */,
				4D93B0D8225D4B8E000987C0 /* Info.plist */,
			);
			path = twitter;
			sourceTree = "<group>";
		};
		4DEB3DDE22649844006A45B2 /* Supporting Files */ = {
			isa = PBXGroup;
			children = (
				4D93B0CC225D4B8D000987C0 /* AppDelegate.swift */,
				4D960C452263881100F90669 /* Assets.xcassets */,
				4D93B0D5225D4B8E000987C0 /* LaunchScreen.storyboard */,
			);
			path = "Supporting Files";
			sourceTree = "<group>";
		};
		ACD7261992D15D2FAD7310AF /* Frameworks */ = {
			isa = PBXGroup;
			children = (
				99157CFDF69505809EC4ACE0 /* Pods_twitter.framework */,
			);
			name = Frameworks;
			sourceTree = "<group>";
		};
		EE5ABDA00B8378CBF80B4AB9 /* Pods */ = {
			isa = PBXGroup;
			children = (
				1040F858F7AA8A3F08E013FE /* Pods-twitter.debug.xcconfig */,
				9E55A605B0ADDC261C4278CA /* Pods-twitter.release.xcconfig */,
			);
			name = Pods;
			sourceTree = "<group>";
		};
/* End PBXGroup section */

/* Begin PBXNativeTarget section */
		4D93B0C8225D4B8D000987C0 /* twitter */ = {
			isa = PBXNativeTarget;
			buildConfigurationList = 4D93B0DB225D4B8E000987C0 /* Build configuration list for PBXNativeTarget "twitter" */;
			buildPhases = (
				BFB6F169CD47E4A99621DE96 /* [CP] Check Pods Manifest.lock */,
				4D93B0C5225D4B8D000987C0 /* Sources */,
				4D93B0C6225D4B8D000987C0 /* Frameworks */,
				4D93B0C7225D4B8D000987C0 /* Resources */,
				C7E981A1F4DF5EDFDD4D6226 /* [CP] Embed Pods Frameworks */,
			);
			buildRules = (
			);
			dependencies = (
			);
			name = twitter;
			productName = twitter;
			productReference = 4D93B0C9225D4B8D000987C0 /* twitter.app */;
			productType = "com.apple.product-type.application";
		};
/* End PBXNativeTarget section */

/* Begin PBXProject section */
		4D93B0C1225D4B8D000987C0 /* Project object */ = {
			isa = PBXProject;
			attributes = {
				LastSwiftUpdateCheck = 1020;
				LastUpgradeCheck = 1020;
				ORGANIZATIONNAME = "argenis delarosa";
				TargetAttributes = {
					4D93B0C8225D4B8D000987C0 = {
						CreatedOnToolsVersion = 10.2;
					};
				};
			};
			buildConfigurationList = 4D93B0C4225D4B8D000987C0 /* Build configuration list for PBXProject "twitter" */;
			compatibilityVersion = "Xcode 9.3";
			developmentRegion = en;
			hasScannedForEncodings = 0;
			knownRegions = (
				en,
				Base,
			);
			mainGroup = 4D93B0C0225D4B8D000987C0;
			productRefGroup = 4D93B0CA225D4B8D000987C0 /* Products */;
			projectDirPath = "";
			projectRoot = "";
			targets = (
				4D93B0C8225D4B8D000987C0 /* twitter */,
			);
		};
/* End PBXProject section */

/* Begin PBXResourcesBuildPhase section */
		4D93B0C7225D4B8D000987C0 /* Resources */ = {
			isa = PBXResourcesBuildPhase;
			buildActionMask = 2147483647;
			files = (
				4D960C462263881100F90669 /* Assets.xcassets in Resources */,
				4D93B0D7225D4B8E000987C0 /* LaunchScreen.storyboard in Resources */,
			);
			runOnlyForDeploymentPostprocessing = 0;
		};
/* End PBXResourcesBuildPhase section */

/* Begin PBXShellScriptBuildPhase section */
		BFB6F169CD47E4A99621DE96 /* [CP] Check Pods Manifest.lock */ = {
			isa = PBXShellScriptBuildPhase;
			buildActionMask = 2147483647;
			files = (
			);
			inputFileListPaths = (
			);
			inputPaths = (
				"${PODS_PODFILE_DIR_PATH}/Podfile.lock",
				"${PODS_ROOT}/Manifest.lock",
			);
			name = "[CP] Check Pods Manifest.lock";
			outputFileListPaths = (
			);
			outputPaths = (
				"$(DERIVED_FILE_DIR)/Pods-twitter-checkManifestLockResult.txt",
			);
			runOnlyForDeploymentPostprocessing = 0;
			shellPath = /bin/sh;
			shellScript = "diff \"${PODS_PODFILE_DIR_PATH}/Podfile.lock\" \"${PODS_ROOT}/Manifest.lock\" > /dev/null\nif [ $? != 0 ] ; then\n    # print error to STDERR\n    echo \"error: The sandbox is not in sync with the Podfile.lock. Run 'pod install' or update your CocoaPods installation.\" >&2\n    exit 1\nfi\n# This output is used by Xcode 'outputs' to avoid re-running this script phase.\necho \"SUCCESS\" > \"${SCRIPT_OUTPUT_FILE_0}\"\n";
			showEnvVarsInLog = 0;
		};
		C7E981A1F4DF5EDFDD4D6226 /* [CP] Embed Pods Frameworks */ = {
			isa = PBXShellScriptBuildPhase;
			buildActionMask = 2147483647;
			files = (
			);
			inputFileListPaths = (
			);
			inputPaths = (
				"${SRCROOT}/Pods/Target Support Files/Pods-twitter/Pods-twitter-frameworks.sh",
				"${BUILT_PRODUCTS_DIR}/LBTAComponents/LBTAComponents.framework",
			);
			name = "[CP] Embed Pods Frameworks";
			outputFileListPaths = (
			);
			outputPaths = (
				"${TARGET_BUILD_DIR}/${FRAMEWORKS_FOLDER_PATH}/LBTAComponents.framework",
			);
			runOnlyForDeploymentPostprocessing = 0;
			shellPath = /bin/sh;
			shellScript = "\"${SRCROOT}/Pods/Target Support Files/Pods-twitter/Pods-twitter-frameworks.sh\"\n";
			showEnvVarsInLog = 0;
		};
/* End PBXShellScriptBuildPhase section */

/* Begin PBXSourcesBuildPhase section */
		4D93B0C5225D4B8D000987C0 /* Sources */ = {
			isa = PBXSourcesBuildPhase;
			buildActionMask = 2147483647;
			files = (
				4D491B73226331DF007D1D6B /* HomeDatasource.swift in Sources */,
				4D93B0CD225D4B8D000987C0 /* AppDelegate.swift in Sources */,
				4D960C482263896D00F90669 /* User.swift in Sources */,
				4DAABFE7226588720099F1DE /* Tweet.swift in Sources */,
				4DAABFE522656E8F0099F1DE /* TweetCell.swift in Sources */,
				4D491B712263316E007D1D6B /* UserHeaderFooter.swift in Sources */,
				4DEB3DE022653D52006A45B2 /* HomeDatasourceController+NavBarItems.swift in Sources */,
				4D491B6C226317E4007D1D6B /* HomeDatasourceController.swift in Sources */,
				4D93B0DF225D4C6C000987C0 /* HomeController.swift in Sources */,
				4D960C4C226409A400F90669 /* UserCell.swift in Sources */,
			);
			runOnlyForDeploymentPostprocessing = 0;
		};
/* End PBXSourcesBuildPhase section */

/* Begin PBXVariantGroup section */
		4D93B0D5225D4B8E000987C0 /* LaunchScreen.storyboard */ = {
			isa = PBXVariantGroup;
			children = (
				4D93B0D6225D4B8E000987C0 /* Base */,
			);
			name = LaunchScreen.storyboard;
			sourceTree = "<group>";
		};
/* End PBXVariantGroup section */

/* Begin XCBuildConfiguration section */
		4D93B0D9225D4B8E000987C0 /* Debug */ = {
			isa = XCBuildConfiguration;
			buildSettings = {
				ALWAYS_SEARCH_USER_PATHS = NO;
				CLANG_ANALYZER_NONNULL = YES;
				CLANG_ANALYZER_NUMBER_OBJECT_CONVERSION = YES_AGGRESSIVE;
				CLANG_CXX_LANGUAGE_STANDARD = "gnu++14";
				CLANG_CXX_LIBRARY = "libc++";
				CLANG_ENABLE_MODULES = YES;
				CLANG_ENABLE_OBJC_ARC = YES;
				CLANG_ENABLE_OBJC_WEAK = YES;
				CLANG_WARN_BLOCK_CAPTURE_AUTORELEASING = YES;
				CLANG_WARN_BOOL_CONVERSION = YES;
				CLANG_WARN_COMMA = YES;
				CLANG_WARN_CONSTANT_CONVERSION = YES;
				CLANG_WARN_DEPRECATED_OBJC_IMPLEMENTATIONS = YES;
				CLANG_WARN_DIRECT_OBJC_ISA_USAGE = YES_ERROR;
				CLANG_WARN_DOCUMENTATION_COMMENTS = YES;
				CLANG_WARN_EMPTY_BODY = YES;
				CLANG_WARN_ENUM_CONVERSION = YES;
				CLANG_WARN_INFINITE_RECURSION = YES;
				CLANG_WARN_INT_CONVERSION = YES;
				CLANG_WARN_NON_LITERAL_NULL_CONVERSION = YES;
				CLANG_WARN_OBJC_IMPLICIT_RETAIN_SELF = YES;
				CLANG_WARN_OBJC_LITERAL_CONVERSION = YES;
				CLANG_WARN_OBJC_ROOT_CLASS = YES_ERROR;
				CLANG_WARN_RANGE_LOOP_ANALYSIS = YES;
				CLANG_WARN_STRICT_PROTOTYPES = YES;
				CLANG_WARN_SUSPICIOUS_MOVE = YES;
				CLANG_WARN_UNGUARDED_AVAILABILITY = YES_AGGRESSIVE;
				CLANG_WARN_UNREACHABLE_CODE = YES;
				CLANG_WARN__DUPLICATE_METHOD_MATCH = YES;
				CODE_SIGN_IDENTITY = "iPhone Developer";
				COPY_PHASE_STRIP = NO;
				DEBUG_INFORMATION_FORMAT = dwarf;
				ENABLE_STRICT_OBJC_MSGSEND = YES;
				ENABLE_TESTABILITY = YES;
				GCC_C_LANGUAGE_STANDARD = gnu11;
				GCC_DYNAMIC_NO_PIC = NO;
				GCC_NO_COMMON_BLOCKS = YES;
				GCC_OPTIMIZATION_LEVEL = 0;
				GCC_PREPROCESSOR_DEFINITIONS = (
					"DEBUG=1",
					"$(inherited)",
				);
				GCC_WARN_64_TO_32_BIT_CONVERSION = YES;
				GCC_WARN_ABOUT_RETURN_TYPE = YES_ERROR;
				GCC_WARN_UNDECLARED_SELECTOR = YES;
				GCC_WARN_UNINITIALIZED_AUTOS = YES_AGGRESSIVE;
				GCC_WARN_UNUSED_FUNCTION = YES;
				GCC_WARN_UNUSED_VARIABLE = YES;
				IPHONEOS_DEPLOYMENT_TARGET = 12.2;
				MTL_ENABLE_DEBUG_INFO = INCLUDE_SOURCE;
				MTL_FAST_MATH = YES;
				ONLY_ACTIVE_ARCH = YES;
				SDKROOT = iphoneos;
				SWIFT_ACTIVE_COMPILATION_CONDITIONS = DEBUG;
				SWIFT_OPTIMIZATION_LEVEL = "-Onone";
			};
			name = Debug;
		};
		4D93B0DA225D4B8E000987C0 /* Release */ = {
			isa = XCBuildConfiguration;
			buildSettings = {
				ALWAYS_SEARCH_USER_PATHS = NO;
				CLANG_ANALYZER_NONNULL = YES;
				CLANG_ANALYZER_NUMBER_OBJECT_CONVERSION = YES_AGGRESSIVE;
				CLANG_CXX_LANGUAGE_STANDARD = "gnu++14";
				CLANG_CXX_LIBRARY = "libc++";
				CLANG_ENABLE_MODULES = YES;
				CLANG_ENABLE_OBJC_ARC = YES;
				CLANG_ENABLE_OBJC_WEAK = YES;
				CLANG_WARN_BLOCK_CAPTURE_AUTORELEASING = YES;
				CLANG_WARN_BOOL_CONVERSION = YES;
				CLANG_WARN_COMMA = YES;
				CLANG_WARN_CONSTANT_CONVERSION = YES;
				CLANG_WARN_DEPRECATED_OBJC_IMPLEMENTATIONS = YES;
				CLANG_WARN_DIRECT_OBJC_ISA_USAGE = YES_ERROR;
				CLANG_WARN_DOCUMENTATION_COMMENTS = YES;
				CLANG_WARN_EMPTY_BODY = YES;
				CLANG_WARN_ENUM_CONVERSION = YES;
				CLANG_WARN_INFINITE_RECURSION = YES;
				CLANG_WARN_INT_CONVERSION = YES;
				CLANG_WARN_NON_LITERAL_NULL_CONVERSION = YES;
				CLANG_WARN_OBJC_IMPLICIT_RETAIN_SELF = YES;
				CLANG_WARN_OBJC_LITERAL_CONVERSION = YES;
				CLANG_WARN_OBJC_ROOT_CLASS = YES_ERROR;
				CLANG_WARN_RANGE_LOOP_ANALYSIS = YES;
				CLANG_WARN_STRICT_PROTOTYPES = YES;
				CLANG_WARN_SUSPICIOUS_MOVE = YES;
				CLANG_WARN_UNGUARDED_AVAILABILITY = YES_AGGRESSIVE;
				CLANG_WARN_UNREACHABLE_CODE = YES;
				CLANG_WARN__DUPLICATE_METHOD_MATCH = YES;
				CODE_SIGN_IDENTITY = "iPhone Developer";
				COPY_PHASE_STRIP = NO;
				DEBUG_INFORMATION_FORMAT = "dwarf-with-dsym";
				ENABLE_NS_ASSERTIONS = NO;
				ENABLE_STRICT_OBJC_MSGSEND = YES;
				GCC_C_LANGUAGE_STANDARD = gnu11;
				GCC_NO_COMMON_BLOCKS = YES;
				GCC_WARN_64_TO_32_BIT_CONVERSION = YES;
				GCC_WARN_ABOUT_RETURN_TYPE = YES_ERROR;
				GCC_WARN_UNDECLARED_SELECTOR = YES;
				GCC_WARN_UNINITIALIZED_AUTOS = YES_AGGRESSIVE;
				GCC_WARN_UNUSED_FUNCTION = YES;
				GCC_WARN_UNUSED_VARIABLE = YES;
				IPHONEOS_DEPLOYMENT_TARGET = 12.2;
				MTL_ENABLE_DEBUG_INFO = NO;
				MTL_FAST_MATH = YES;
				SDKROOT = iphoneos;
				SWIFT_COMPILATION_MODE = wholemodule;
				SWIFT_OPTIMIZATION_LEVEL = "-O";
				VALIDATE_PRODUCT = YES;
			};
			name = Release;
		};
		4D93B0DC225D4B8E000987C0 /* Debug */ = {
			isa = XCBuildConfiguration;
			baseConfigurationReference = 1040F858F7AA8A3F08E013FE /* Pods-twitter.debug.xcconfig */;
			buildSettings = {
				ASSETCATALOG_COMPILER_APPICON_NAME = AppIcon;
				CODE_SIGN_STYLE = Automatic;
				DEVELOPMENT_TEAM = D72BQC232M;
				INFOPLIST_FILE = twitter/Info.plist;
				LD_RUNPATH_SEARCH_PATHS = (
					"$(inherited)",
					"@executable_path/Frameworks",
				);
				PRODUCT_BUNDLE_IDENTIFIER = com.argenisdelarosa.twitter;
				PRODUCT_NAME = "$(TARGET_NAME)";
				SWIFT_VERSION = 5.0;
				TARGETED_DEVICE_FAMILY = "1,2";
			};
			name = Debug;
		};
		4D93B0DD225D4B8E000987C0 /* Release */ = {
			isa = XCBuildConfiguration;
			baseConfigurationReference = 9E55A605B0ADDC261C4278CA /* Pods-twitter.release.xcconfig */;
			buildSettings = {
				ASSETCATALOG_COMPILER_APPICON_NAME = AppIcon;
				CODE_SIGN_STYLE = Automatic;
				DEVELOPMENT_TEAM = D72BQC232M;
				INFOPLIST_FILE = twitter/Info.plist;
				LD_RUNPATH_SEARCH_PATHS = (
					"$(inherited)",
					"@executable_path/Frameworks",
				);
				PRODUCT_BUNDLE_IDENTIFIER = com.argenisdelarosa.twitter;
				PRODUCT_NAME = "$(TARGET_NAME)";
				SWIFT_VERSION = 5.0;
				TARGETED_DEVICE_FAMILY = "1,2";
			};
			name = Release;
		};
/* End XCBuildConfiguration section */

/* Begin XCConfigurationList section */
		4D93B0C4225D4B8D000987C0 /* Build configuration list for PBXProject "twitter" */ = {
			isa = XCConfigurationList;
			buildConfigurations = (
				4D93B0D9225D4B8E000987C0 /* Debug */,
				4D93B0DA225D4B8E000987C0 /* Release */,
			);
			defaultConfigurationIsVisible = 0;
			defaultConfigurationName = Release;
		};
		4D93B0DB225D4B8E000987C0 /* Build configuration list for PBXNativeTarget "twitter" */ = {
			isa = XCConfigurationList;
			buildConfigurations = (
				4D93B0DC225D4B8E000987C0 /* Debug */,
				4D93B0DD225D4B8E000987C0 /* Release */,
			);
			defaultConfigurationIsVisible = 0;
			defaultConfigurationName = Release;
		};
/* End XCConfigurationList section */
	};
	rootObject = 4D93B0C1225D4B8D000987C0 /* Project object */;
}
